// !$*UTF8*$!
{
	archiveVersion = 1;
	classes = {
	};
	objectVersion = 50;
	objects = {

/* Begin PBXBuildFile section */
		4C132562262AE493002E670B /* AlbumViewController.swift in Sources */ = {isa = PBXBuildFile; fileRef = 4C132561262AE493002E670B /* AlbumViewController.swift */; };
		4C2E2BF22626A4C0003D8946 /* AppDelegate.swift in Sources */ = {isa = PBXBuildFile; fileRef = 4C2E2BF12626A4C0003D8946 /* AppDelegate.swift */; };
		4C2E2BF42626A4C0003D8946 /* SceneDelegate.swift in Sources */ = {isa = PBXBuildFile; fileRef = 4C2E2BF32626A4C0003D8946 /* SceneDelegate.swift */; };
		4C2E2BF62626A4C0003D8946 /* ViewController.swift in Sources */ = {isa = PBXBuildFile; fileRef = 4C2E2BF52626A4C0003D8946 /* ViewController.swift */; };
		4C2E2BF92626A4C0003D8946 /* Main.storyboard in Resources */ = {isa = PBXBuildFile; fileRef = 4C2E2BF72626A4C0003D8946 /* Main.storyboard */; };
		4C2E2BFC2626A4C0003D8946 /* MyAlbum.xcdatamodeld in Sources */ = {isa = PBXBuildFile; fileRef = 4C2E2BFA2626A4C0003D8946 /* MyAlbum.xcdatamodeld */; };
		4C2E2BFE2626A4C1003D8946 /* Assets.xcassets in Resources */ = {isa = PBXBuildFile; fileRef = 4C2E2BFD2626A4C1003D8946 /* Assets.xcassets */; };
		4C2E2C012626A4C1003D8946 /* LaunchScreen.storyboard in Resources */ = {isa = PBXBuildFile; fileRef = 4C2E2BFF2626A4C1003D8946 /* LaunchScreen.storyboard */; };
		4C2E2C0C2626A4C1003D8946 /* MyAlbumTests.swift in Sources */ = {isa = PBXBuildFile; fileRef = 4C2E2C0B2626A4C1003D8946 /* MyAlbumTests.swift */; };
		4C2E2C172626A4C2003D8946 /* MyAlbumUITests.swift in Sources */ = {isa = PBXBuildFile; fileRef = 4C2E2C162626A4C2003D8946 /* MyAlbumUITests.swift */; };
/* End PBXBuildFile section */

/* Begin PBXContainerItemProxy section */
		4C2E2C082626A4C1003D8946 /* PBXContainerItemProxy */ = {
			isa = PBXContainerItemProxy;
			containerPortal = 4C2E2BE62626A4BF003D8946 /* Project object */;
			proxyType = 1;
			remoteGlobalIDString = 4C2E2BED2626A4BF003D8946;
			remoteInfo = MyAlbum;
		};
		4C2E2C132626A4C1003D8946 /* PBXContainerItemProxy */ = {
			isa = PBXContainerItemProxy;
			containerPortal = 4C2E2BE62626A4BF003D8946 /* Project object */;
			proxyType = 1;
			remoteGlobalIDString = 4C2E2BED2626A4BF003D8946;
			remoteInfo = MyAlbum;
		};
/* End PBXContainerItemProxy section */

/* Begin PBXFileReference section */
		4C132561262AE493002E670B /* AlbumViewController.swift */ = {isa = PBXFileReference; lastKnownFileType = sourcecode.swift; path = AlbumViewController.swift; sourceTree = "<group>"; };
		4C2E2BEE2626A4C0003D8946 /* MyAlbum.app */ = {isa = PBXFileReference; explicitFileType = wrapper.application; includeInIndex = 0; path = MyAlbum.app; sourceTree = BUILT_PRODUCTS_DIR; };
		4C2E2BF12626A4C0003D8946 /* AppDelegate.swift */ = {isa = PBXFileReference; lastKnownFileType = sourcecode.swift; path = AppDelegate.swift; sourceTree = "<group>"; };
		4C2E2BF32626A4C0003D8946 /* SceneDelegate.swift */ = {isa = PBXFileReference; lastKnownFileType = sourcecode.swift; path = SceneDelegate.swift; sourceTree = "<group>"; };
		4C2E2BF52626A4C0003D8946 /* ViewController.swift */ = {isa = PBXFileReference; lastKnownFileType = sourcecode.swift; path = ViewController.swift; sourceTree = "<group>"; };
		4C2E2BF82626A4C0003D8946 /* Base */ = {isa = PBXFileReference; lastKnownFileType = file.storyboard; name = Base; path = Base.lproj/Main.storyboard; sourceTree = "<group>"; };
		4C2E2BFB2626A4C0003D8946 /* MyAlbum.xcdatamodel */ = {isa = PBXFileReference; lastKnownFileType = wrapper.xcdatamodel; path = MyAlbum.xcdatamodel; sourceTree = "<group>"; };
		4C2E2BFD2626A4C1003D8946 /* Assets.xcassets */ = {isa = PBXFileReference; lastKnownFileType = folder.assetcatalog; path = Assets.xcassets; sourceTree = "<group>"; };
		4C2E2C002626A4C1003D8946 /* Base */ = {isa = PBXFileReference; lastKnownFileType = file.storyboard; name = Base; path = Base.lproj/LaunchScreen.storyboard; sourceTree = "<group>"; };
		4C2E2C022626A4C1003D8946 /* Info.plist */ = {isa = PBXFileReference; lastKnownFileType = text.plist.xml; path = Info.plist; sourceTree = "<group>"; };
		4C2E2C072626A4C1003D8946 /* MyAlbumTests.xctest */ = {isa = PBXFileReference; explicitFileType = wrapper.cfbundle; includeInIndex = 0; path = MyAlbumTests.xctest; sourceTree = BUILT_PRODUCTS_DIR; };
		4C2E2C0B2626A4C1003D8946 /* MyAlbumTests.swift */ = {isa = PBXFileReference; lastKnownFileType = sourcecode.swift; path = MyAlbumTests.swift; sourceTree = "<group>"; };
		4C2E2C0D2626A4C1003D8946 /* Info.plist */ = {isa = PBXFileReference; lastKnownFileType = text.plist.xml; path = Info.plist; sourceTree = "<group>"; };
		4C2E2C122626A4C1003D8946 /* MyAlbumUITests.xctest */ = {isa = PBXFileReference; explicitFileType = wrapper.cfbundle; includeInIndex = 0; path = MyAlbumUITests.xctest; sourceTree = BUILT_PRODUCTS_DIR; };
		4C2E2C162626A4C2003D8946 /* MyAlbumUITests.swift */ = {isa = PBXFileReference; lastKnownFileType = sourcecode.swift; path = MyAlbumUITests.swift; sourceTree = "<group>"; };
		4C2E2C182626A4C2003D8946 /* Info.plist */ = {isa = PBXFileReference; lastKnownFileType = text.plist.xml; path = Info.plist; sourceTree = "<group>"; };
/* End PBXFileReference section */

/* Begin PBXFrameworksBuildPhase section */
		4C2E2BEB2626A4BF003D8946 /* Frameworks */ = {
			isa = PBXFrameworksBuildPhase;
			buildActionMask = 2147483647;
			files = (
			);
			runOnlyForDeploymentPostprocessing = 0;
		};
		4C2E2C042626A4C1003D8946 /* Frameworks */ = {
			isa = PBXFrameworksBuildPhase;
			buildActionMask = 2147483647;
			files = (
			);
			runOnlyForDeploymentPostprocessing = 0;
		};
		4C2E2C0F2626A4C1003D8946 /* Frameworks */ = {
			isa = PBXFrameworksBuildPhase;
			buildActionMask = 2147483647;
			files = (
			);
			runOnlyForDeploymentPostprocessing = 0;
		};
/* End PBXFrameworksBuildPhase section */

/* Begin PBXGroup section */
		4C2E2BE52626A4BF003D8946 = {
			isa = PBXGroup;
			children = (
				4C2E2BF02626A4C0003D8946 /* MyAlbum */,
				4C2E2C0A2626A4C1003D8946 /* MyAlbumTests */,
				4C2E2C152626A4C2003D8946 /* MyAlbumUITests */,
				4C2E2BEF2626A4C0003D8946 /* Products */,
			);
			sourceTree = "<group>";
		};
		4C2E2BEF2626A4C0003D8946 /* Products */ = {
			isa = PBXGroup;
			children = (
				4C2E2BEE2626A4C0003D8946 /* MyAlbum.app */,
				4C2E2C072626A4C1003D8946 /* MyAlbumTests.xctest */,
				4C2E2C122626A4C1003D8946 /* MyAlbumUITests.xctest */,
			);
			name = Products;
			sourceTree = "<group>";
		};
		4C2E2BF02626A4C0003D8946 /* MyAlbum */ = {
			isa = PBXGroup;
			children = (
				4C2E2BF12626A4C0003D8946 /* AppDelegate.swift */,
				4C2E2BF32626A4C0003D8946 /* SceneDelegate.swift */,
				4C2E2BF52626A4C0003D8946 /* ViewController.swift */,
				4C2E2BF72626A4C0003D8946 /* Main.storyboard */,
				4C132561262AE493002E670B /* AlbumViewController.swift */,
				4C2E2BFD2626A4C1003D8946 /* Assets.xcassets */,
				4C2E2BFF2626A4C1003D8946 /* LaunchScreen.storyboard */,
				4C2E2C022626A4C1003D8946 /* Info.plist */,
				4C2E2BFA2626A4C0003D8946 /* MyAlbum.xcdatamodeld */,
			);
			path = MyAlbum;
			sourceTree = "<group>";
		};
		4C2E2C0A2626A4C1003D8946 /* MyAlbumTests */ = {
			isa = PBXGroup;
			children = (
				4C2E2C0B2626A4C1003D8946 /* MyAlbumTests.swift */,
				4C2E2C0D2626A4C1003D8946 /* Info.plist */,
			);
			path = MyAlbumTests;
			sourceTree = "<group>";
		};
		4C2E2C152626A4C2003D8946 /* MyAlbumUITests */ = {
			isa = PBXGroup;
			children = (
				4C2E2C162626A4C2003D8946 /* MyAlbumUITests.swift */,
				4C2E2C182626A4C2003D8946 /* Info.plist */,
			);
			path = MyAlbumUITests;
			sourceTree = "<group>";
		};
/* End PBXGroup section */

/* Begin PBXNativeTarget section */
		4C2E2BED2626A4BF003D8946 /* MyAlbum */ = {
			isa = PBXNativeTarget;
			buildConfigurationList = 4C2E2C1B2626A4C2003D8946 /* Build configuration list for PBXNativeTarget "MyAlbum" */;
			buildPhases = (
				4C2E2BEA2626A4BF003D8946 /* Sources */,
				4C2E2BEB2626A4BF003D8946 /* Frameworks */,
				4C2E2BEC2626A4BF003D8946 /* Resources */,
			);
			buildRules = (
			);
			dependencies = (
			);
			name = MyAlbum;
			productName = MyAlbum;
			productReference = 4C2E2BEE2626A4C0003D8946 /* MyAlbum.app */;
			productType = "com.apple.product-type.application";
		};
		4C2E2C062626A4C1003D8946 /* MyAlbumTests */ = {
			isa = PBXNativeTarget;
			buildConfigurationList = 4C2E2C1E2626A4C2003D8946 /* Build configuration list for PBXNativeTarget "MyAlbumTests" */;
			buildPhases = (
				4C2E2C032626A4C1003D8946 /* Sources */,
				4C2E2C042626A4C1003D8946 /* Frameworks */,
				4C2E2C052626A4C1003D8946 /* Resources */,
			);
			buildRules = (
			);
			dependencies = (
				4C2E2C092626A4C1003D8946 /* PBXTargetDependency */,
			);
			name = MyAlbumTests;
			productName = MyAlbumTests;
			productReference = 4C2E2C072626A4C1003D8946 /* MyAlbumTests.xctest */;
			productType = "com.apple.product-type.bundle.unit-test";
		};
		4C2E2C112626A4C1003D8946 /* MyAlbumUITests */ = {
			isa = PBXNativeTarget;
			buildConfigurationList = 4C2E2C212626A4C2003D8946 /* Build configuration list for PBXNativeTarget "MyAlbumUITests" */;
			buildPhases = (
				4C2E2C0E2626A4C1003D8946 /* Sources */,
				4C2E2C0F2626A4C1003D8946 /* Frameworks */,
				4C2E2C102626A4C1003D8946 /* Resources */,
			);
			buildRules = (
			);
			dependencies = (
				4C2E2C142626A4C1003D8946 /* PBXTargetDependency */,
			);
			name = MyAlbumUITests;
			productName = MyAlbumUITests;
			productReference = 4C2E2C122626A4C1003D8946 /* MyAlbumUITests.xctest */;
			productType = "com.apple.product-type.bundle.ui-testing";
		};
/* End PBXNativeTarget section */

/* Begin PBXProject section */
		4C2E2BE62626A4BF003D8946 /* Project object */ = {
			isa = PBXProject;
			attributes = {
				LastSwiftUpdateCheck = 1110;
				LastUpgradeCheck = 1110;
				ORGANIZATIONNAME = com.vianney;
				TargetAttributes = {
					4C2E2BED2626A4BF003D8946 = {
						CreatedOnToolsVersion = 11.1;
					};
					4C2E2C062626A4C1003D8946 = {
						CreatedOnToolsVersion = 11.1;
						TestTargetID = 4C2E2BED2626A4BF003D8946;
					};
					4C2E2C112626A4C1003D8946 = {
						CreatedOnToolsVersion = 11.1;
						TestTargetID = 4C2E2BED2626A4BF003D8946;
					};
				};
			};
			buildConfigurationList = 4C2E2BE92626A4BF003D8946 /* Build configuration list for PBXProject "MyAlbum" */;
			compatibilityVersion = "Xcode 9.3";
			developmentRegion = en;
			hasScannedForEncodings = 0;
			knownRegions = (
				en,
				Base,
			);
			mainGroup = 4C2E2BE52626A4BF003D8946;
			productRefGroup = 4C2E2BEF2626A4C0003D8946 /* Products */;
			projectDirPath = "";
			projectRoot = "";
			targets = (
				4C2E2BED2626A4BF003D8946 /* MyAlbum */,
				4C2E2C062626A4C1003D8946 /* MyAlbumTests */,
				4C2E2C112626A4C1003D8946 /* MyAlbumUITests */,
			);
		};
/* End PBXProject section */

/* Begin PBXResourcesBuildPhase section */
		4C2E2BEC2626A4BF003D8946 /* Resources */ = {
			isa = PBXResourcesBuildPhase;
			buildActionMask = 2147483647;
			files = (
				4C2E2C012626A4C1003D8946 /* LaunchScreen.storyboard in Resources */,
				4C2E2BFE2626A4C1003D8946 /* Assets.xcassets in Resources */,
				4C2E2BF92626A4C0003D8946 /* Main.storyboard in Resources */,
			);
			runOnlyForDeploymentPostprocessing = 0;
		};
		4C2E2C052626A4C1003D8946 /* Resources */ = {
			isa = PBXResourcesBuildPhase;
			buildActionMask = 2147483647;
			files = (
			);
			runOnlyForDeploymentPostprocessing = 0;
		};
		4C2E2C102626A4C1003D8946 /* Resources */ = {
			isa = PBXResourcesBuildPhase;
			buildActionMask = 2147483647;
			files = (
			);
			runOnlyForDeploymentPostprocessing = 0;
		};
/* End PBXResourcesBuildPhase section */

/* Begin PBXSourcesBuildPhase section */
		4C2E2BEA2626A4BF003D8946 /* Sources */ = {
			isa = PBXSourcesBuildPhase;
			buildActionMask = 2147483647;
			files = (
				4C2E2BF62626A4C0003D8946 /* ViewController.swift in Sources */,
				4C132562262AE493002E670B /* AlbumViewController.swift in Sources */,
				4C2E2BF22626A4C0003D8946 /* AppDelegate.swift in Sources */,
				4C2E2BF42626A4C0003D8946 /* SceneDelegate.swift in Sources */,
				4C2E2BFC2626A4C0003D8946 /* MyAlbum.xcdatamodeld in Sources */,
			);
			runOnlyForDeploymentPostprocessing = 0;
		};
		4C2E2C032626A4C1003D8946 /* Sources */ = {
			isa = PBXSourcesBuildPhase;
			buildActionMask = 2147483647;
			files = (
				4C2E2C0C2626A4C1003D8946 /* MyAlbumTests.swift in Sources */,
			);
			runOnlyForDeploymentPostprocessing = 0;
		};
		4C2E2C0E2626A4C1003D8946 /* Sources */ = {
			isa = PBXSourcesBuildPhase;
			buildActionMask = 2147483647;
			files = (
				4C2E2C172626A4C2003D8946 /* MyAlbumUITests.swift in Sources */,
			);
			runOnlyForDeploymentPostprocessing = 0;
		};
/* End PBXSourcesBuildPhase section */

/* Begin PBXTargetDependency section */
		4C2E2C092626A4C1003D8946 /* PBXTargetDependency */ = {
			isa = PBXTargetDependency;
			target = 4C2E2BED2626A4BF003D8946 /* MyAlbum */;
			targetProxy = 4C2E2C082626A4C1003D8946 /* PBXContainerItemProxy */;
		};
		4C2E2C142626A4C1003D8946 /* PBXTargetDependency */ = {
			isa = PBXTargetDependency;
			target = 4C2E2BED2626A4BF003D8946 /* MyAlbum */;
			targetProxy = 4C2E2C132626A4C1003D8946 /* PBXContainerItemProxy */;
		};
/* End PBXTargetDependency section */

/* Begin PBXVariantGroup section */
		4C2E2BF72626A4C0003D8946 /* Main.storyboard */ = {
			isa = PBXVariantGroup;
			children = (
				4C2E2BF82626A4C0003D8946 /* Base */,
			);
			name = Main.storyboard;
			sourceTree = "<group>";
		};
		4C2E2BFF2626A4C1003D8946 /* LaunchScreen.storyboard */ = {
			isa = PBXVariantGroup;
			children = (
				4C2E2C002626A4C1003D8946 /* Base */,
			);
			name = LaunchScreen.storyboard;
			sourceTree = "<group>";
		};
/* End PBXVariantGroup section */

/* Begin XCBuildConfiguration section */
		4C2E2C192626A4C2003D8946 /* Debug */ = {
			isa = XCBuildConfiguration;
			buildSettings = {
				ALWAYS_SEARCH_USER_PATHS = NO;
				CLANG_ANALYZER_NONNULL = YES;
				CLANG_ANALYZER_NUMBER_OBJECT_CONVERSION = YES_AGGRESSIVE;
				CLANG_CXX_LANGUAGE_STANDARD = "gnu++14";
				CLANG_CXX_LIBRARY = "libc++";
				CLANG_ENABLE_MODULES = YES;
				CLANG_ENABLE_OBJC_ARC = YES;
				CLANG_ENABLE_OBJC_WEAK = YES;
				CLANG_WARN_BLOCK_CAPTURE_AUTORELEASING = YES;
				CLANG_WARN_BOOL_CONVERSION = YES;
				CLANG_WARN_COMMA = YES;
				CLANG_WARN_CONSTANT_CONVERSION = YES;
				CLANG_WARN_DEPRECATED_OBJC_IMPLEMENTATIONS = YES;
				CLANG_WARN_DIRECT_OBJC_ISA_USAGE = YES_ERROR;
				CLANG_WARN_DOCUMENTATION_COMMENTS = YES;
				CLANG_WARN_EMPTY_BODY = YES;
				CLANG_WARN_ENUM_CONVERSION = YES;
				CLANG_WARN_INFINITE_RECURSION = YES;
				CLANG_WARN_INT_CONVERSION = YES;
				CLANG_WARN_NON_LITERAL_NULL_CONVERSION = YES;
				CLANG_WARN_OBJC_IMPLICIT_RETAIN_SELF = YES;
				CLANG_WARN_OBJC_LITERAL_CONVERSION = YES;
				CLANG_WARN_OBJC_ROOT_CLASS = YES_ERROR;
				CLANG_WARN_RANGE_LOOP_ANALYSIS = YES;
				CLANG_WARN_STRICT_PROTOTYPES = YES;
				CLANG_WARN_SUSPICIOUS_MOVE = YES;
				CLANG_WARN_UNGUARDED_AVAILABILITY = YES_AGGRESSIVE;
				CLANG_WARN_UNREACHABLE_CODE = YES;
				CLANG_WARN__DUPLICATE_METHOD_MATCH = YES;
				COPY_PHASE_STRIP = NO;
				DEBUG_INFORMATION_FORMAT = dwarf;
				ENABLE_STRICT_OBJC_MSGSEND = YES;
				ENABLE_TESTABILITY = YES;
				GCC_C_LANGUAGE_STANDARD = gnu11;
				GCC_DYNAMIC_NO_PIC = NO;
				GCC_NO_COMMON_BLOCKS = YES;
				GCC_OPTIMIZATION_LEVEL = 0;
				GCC_PREPROCESSOR_DEFINITIONS = (
					"DEBUG=1",
					"$(inherited)",
				);
				GCC_WARN_64_TO_32_BIT_CONVERSION = YES;
				GCC_WARN_ABOUT_RETURN_TYPE = YES_ERROR;
				GCC_WARN_UNDECLARED_SELECTOR = YES;
				GCC_WARN_UNINITIALIZED_AUTOS = YES_AGGRESSIVE;
				GCC_WARN_UNUSED_FUNCTION = YES;
				GCC_WARN_UNUSED_VARIABLE = YES;
				IPHONEOS_DEPLOYMENT_TARGET = 13.1;
				MTL_ENABLE_DEBUG_INFO = INCLUDE_SOURCE;
				MTL_FAST_MATH = YES;
				ONLY_ACTIVE_ARCH = YES;
				SDKROOT = iphoneos;
				SWIFT_ACTIVE_COMPILATION_CONDITIONS = DEBUG;
				SWIFT_OPTIMIZATION_LEVEL = "-Onone";
			};
			name = Debug;
		};
		4C2E2C1A2626A4C2003D8946 /* Release */ = {
			isa = XCBuildConfiguration;
			buildSettings = {
				ALWAYS_SEARCH_USER_PATHS = NO;
				CLANG_ANALYZER_NONNULL = YES;
				CLANG_ANALYZER_NUMBER_OBJECT_CONVERSION = YES_AGGRESSIVE;
				CLANG_CXX_LANGUAGE_STANDARD = "gnu++14";
				CLANG_CXX_LIBRARY = "libc++";
				CLANG_ENABLE_MODULES = YES;
				CLANG_ENABLE_OBJC_ARC = YES;
				CLANG_ENABLE_OBJC_WEAK = YES;
				CLANG_WARN_BLOCK_CAPTURE_AUTORELEASING = YES;
				CLANG_WARN_BOOL_CONVERSION = YES;
				CLANG_WARN_COMMA = YES;
				CLANG_WARN_CONSTANT_CONVERSION = YES;
				CLANG_WARN_DEPRECATED_OBJC_IMPLEMENTATIONS = YES;
				CLANG_WARN_DIRECT_OBJC_ISA_USAGE = YES_ERROR;
				CLANG_WARN_DOCUMENTATION_COMMENTS = YES;
				CLANG_WARN_EMPTY_BODY = YES;
				CLANG_WARN_ENUM_CONVERSION = YES;
				CLANG_WARN_INFINITE_RECURSION = YES;
				CLANG_WARN_INT_CONVERSION = YES;
				CLANG_WARN_NON_LITERAL_NULL_CONVERSION = YES;
				CLANG_WARN_OBJC_IMPLICIT_RETAIN_SELF = YES;
				CLANG_WARN_OBJC_LITERAL_CONVERSION = YES;
				CLANG_WARN_OBJC_ROOT_CLASS = YES_ERROR;
				CLANG_WARN_RANGE_LOOP_ANALYSIS = YES;
				CLANG_WARN_STRICT_PROTOTYPES = YES;
				CLANG_WARN_SUSPICIOUS_MOVE = YES;
				CLANG_WARN_UNGUARDED_AVAILABILITY = YES_AGGRESSIVE;
				CLANG_WARN_UNREACHABLE_CODE = YES;
				CLANG_WARN__DUPLICATE_METHOD_MATCH = YES;
				COPY_PHASE_STRIP = NO;
				DEBUG_INFORMATION_FORMAT = "dwarf-with-dsym";
				ENABLE_NS_ASSERTIONS = NO;
				ENABLE_STRICT_OBJC_MSGSEND = YES;
				GCC_C_LANGUAGE_STANDARD = gnu11;
				GCC_NO_COMMON_BLOCKS = YES;
				GCC_WARN_64_TO_32_BIT_CONVERSION = YES;
				GCC_WARN_ABOUT_RETURN_TYPE = YES_ERROR;
				GCC_WARN_UNDECLARED_SELECTOR = YES;
				GCC_WARN_UNINITIALIZED_AUTOS = YES_AGGRESSIVE;
				GCC_WARN_UNUSED_FUNCTION = YES;
				GCC_WARN_UNUSED_VARIABLE = YES;
				IPHONEOS_DEPLOYMENT_TARGET = 13.1;
				MTL_ENABLE_DEBUG_INFO = NO;
				MTL_FAST_MATH = YES;
				SDKROOT = iphoneos;
				SWIFT_COMPILATION_MODE = wholemodule;
				SWIFT_OPTIMIZATION_LEVEL = "-O";
				VALIDATE_PRODUCT = YES;
			};
			name = Release;
		};
		4C2E2C1C2626A4C2003D8946 /* Debug */ = {
			isa = XCBuildConfiguration;
			buildSettings = {
				ASSETCATALOG_COMPILER_APPICON_NAME = AppIcon;
				CODE_SIGN_STYLE = Automatic;
				DEVELOPMENT_TEAM = MJWMGRS9MY;
				INFOPLIST_FILE = MyAlbum/Info.plist;
				LD_RUNPATH_SEARCH_PATHS = (
					"$(inherited)",
					"@executable_path/Frameworks",
				);
				PRODUCT_BUNDLE_IDENTIFIER = com.vianney.MyAlbum;
				PRODUCT_NAME = "$(TARGET_NAME)";
				SWIFT_VERSION = 5.0;
				TARGETED_DEVICE_FAMILY = "1,2";
			};
			name = Debug;
		};
		4C2E2C1D2626A4C2003D8946 /* Release */ = {
			isa = XCBuildConfiguration;
			buildSettings = {
				ASSETCATALOG_COMPILER_APPICON_NAME = AppIcon;
				CODE_SIGN_STYLE = Automatic;
				DEVELOPMENT_TEAM = MJWMGRS9MY;
				INFOPLIST_FILE = MyAlbum/Info.plist;
				LD_RUNPATH_SEARCH_PATHS = (
					"$(inherited)",
					"@executable_path/Frameworks",
				);
				PRODUCT_BUNDLE_IDENTIFIER = com.vianney.MyAlbum;
				PRODUCT_NAME = "$(TARGET_NAME)";
				SWIFT_VERSION = 5.0;
				TARGETED_DEVICE_FAMILY = "1,2";
			};
			name = Release;
		};
		4C2E2C1F2626A4C2003D8946 /* Debug */ = {
			isa = XCBuildConfiguration;
			buildSettings = {
				ALWAYS_EMBED_SWIFT_STANDARD_LIBRARIES = YES;
				BUNDLE_LOADER = "$(TEST_HOST)";
				CODE_SIGN_STYLE = Automatic;
				DEVELOPMENT_TEAM = MJWMGRS9MY;
				INFOPLIST_FILE = MyAlbumTests/Info.plist;
				IPHONEOS_DEPLOYMENT_TARGET = 13.1;
				LD_RUNPATH_SEARCH_PATHS = (
					"$(inherited)",
					"@executable_path/Frameworks",
					"@loader_path/Frameworks",
				);
				PRODUCT_BUNDLE_IDENTIFIER = com.vianney.MyAlbumTests;
				PRODUCT_NAME = "$(TARGET_NAME)";
				SWIFT_VERSION = 5.0;
				TARGETED_DEVICE_FAMILY = "1,2";
				TEST_HOST = "$(BUILT_PRODUCTS_DIR)/MyAlbum.app/MyAlbum";
			};
			name = Debug;
		};
		4C2E2C202626A4C2003D8946 /* Release */ = {
			isa = XCBuildConfiguration;
			buildSettings = {
				ALWAYS_EMBED_SWIFT_STANDARD_LIBRARIES = YES;
				BUNDLE_LOADER = "$(TEST_HOST)";
				CODE_SIGN_STYLE = Automatic;
				DEVELOPMENT_TEAM = MJWMGRS9MY;
				INFOPLIST_FILE = MyAlbumTests/Info.plist;
				IPHONEOS_DEPLOYMENT_TARGET = 13.1;
				LD_RUNPATH_SEARCH_PATHS = (
					"$(inherited)",
					"@executable_path/Frameworks",
					"@loader_path/Frameworks",
				);
				PRODUCT_BUNDLE_IDENTIFIER = com.vianney.MyAlbumTests;
				PRODUCT_NAME = "$(TARGET_NAME)";
				SWIFT_VERSION = 5.0;
				TARGETED_DEVICE_FAMILY = "1,2";
				TEST_HOST = "$(BUILT_PRODUCTS_DIR)/MyAlbum.app/MyAlbum";
			};
			name = Release;
		};
		4C2E2C222626A4C2003D8946 /* Debug */ = {
			isa = XCBuildConfiguration;
			buildSettings = {
				ALWAYS_EMBED_SWIFT_STANDARD_LIBRARIES = YES;
				CODE_SIGN_STYLE = Automatic;
				DEVELOPMENT_TEAM = MJWMGRS9MY;
				INFOPLIST_FILE = MyAlbumUITests/Info.plist;
				LD_RUNPATH_SEARCH_PATHS = (
					"$(inherited)",
					"@executable_path/Frameworks",
					"@loader_path/Frameworks",
				);
				PRODUCT_BUNDLE_IDENTIFIER = com.vianney.MyAlbumUITests;
				PRODUCT_NAME = "$(TARGET_NAME)";
				SWIFT_VERSION = 5.0;
				TARGETED_DEVICE_FAMILY = "1,2";
				TEST_TARGET_NAME = MyAlbum;
			};
			name = Debug;
		};
		4C2E2C232626A4C2003D8946 /* Release */ = {
			isa = XCBuildConfiguration;
			buildSettings = {
				ALWAYS_EMBED_SWIFT_STANDARD_LIBRARIES = YES;
				CODE_SIGN_STYLE = Automatic;
				DEVELOPMENT_TEAM = MJWMGRS9MY;
				INFOPLIST_FILE = MyAlbumUITests/Info.plist;
				LD_RUNPATH_SEARCH_PATHS = (
					"$(inherited)",
					"@executable_path/Frameworks",
					"@loader_path/Frameworks",
				);
				PRODUCT_BUNDLE_IDENTIFIER = com.vianney.MyAlbumUITests;
				PRODUCT_NAME = "$(TARGET_NAME)";
				SWIFT_VERSION = 5.0;
				TARGETED_DEVICE_FAMILY = "1,2";
				TEST_TARGET_NAME = MyAlbum;
			};
			name = Release;
		};
/* End XCBuildConfiguration section */

/* Begin XCConfigurationList section */
		4C2E2BE92626A4BF003D8946 /* Build configuration list for PBXProject "MyAlbum" */ = {
			isa = XCConfigurationList;
			buildConfigurations = (
				4C2E2C192626A4C2003D8946 /* Debug */,
				4C2E2C1A2626A4C2003D8946 /* Release */,
			);
			defaultConfigurationIsVisible = 0;
			defaultConfigurationName = Release;
		};
		4C2E2C1B2626A4C2003D8946 /* Build configuration list for PBXNativeTarget "MyAlbum" */ = {
			isa = XCConfigurationList;
			buildConfigurations = (
				4C2E2C1C2626A4C2003D8946 /* Debug */,
				4C2E2C1D2626A4C2003D8946 /* Release */,
			);
			defaultConfigurationIsVisible = 0;
			defaultConfigurationName = Release;
		};
		4C2E2C1E2626A4C2003D8946 /* Build configuration list for PBXNativeTarget "MyAlbumTests" */ = {
			isa = XCConfigurationList;
			buildConfigurations = (
				4C2E2C1F2626A4C2003D8946 /* Debug */,
				4C2E2C202626A4C2003D8946 /* Release */,
			);
			defaultConfigurationIsVisible = 0;
			defaultConfigurationName = Release;
		};
		4C2E2C212626A4C2003D8946 /* Build configuration list for PBXNativeTarget "MyAlbumUITests" */ = {
			isa = XCConfigurationList;
			buildConfigurations = (
				4C2E2C222626A4C2003D8946 /* Debug */,
				4C2E2C232626A4C2003D8946 /* Release */,
			);
			defaultConfigurationIsVisible = 0;
			defaultConfigurationName = Release;
		};
/* End XCConfigurationList section */

/* Begin XCVersionGroup section */
		4C2E2BFA2626A4C0003D8946 /* MyAlbum.xcdatamodeld */ = {
			isa = XCVersionGroup;
			children = (
				4C2E2BFB2626A4C0003D8946 /* MyAlbum.xcdatamodel */,
			);
			currentVersion = 4C2E2BFB2626A4C0003D8946 /* MyAlbum.xcdatamodel */;
			path = MyAlbum.xcdatamodeld;
			sourceTree = "<group>";
			versionGroupType = wrapper.xcdatamodel;
		};
/* End XCVersionGroup section */
	};
	rootObject = 4C2E2BE62626A4BF003D8946 /* Project object */;
}
